github.com/frida/frida-go v0.12.1 h1:dHOdJU3wuQkvlb7Lan0RFSm0lpCJH6cW8IbYOxt9C0E=
github.com/frida/frida-go v0.12.1/go.mod h1:OyRIp58wuTcGggI6ztakXcHkTXrt5WfD9yi3pq6QyGw=
github.com/google/uuid v1.3.0 h1:t6JiXgmwXMjEs8VusXIJk2BXHsn+wx8BZdTaoZ5fu7I=
github.com/google/uuid v1.3.0/go.mod h1:TIyPZe4MgqvfeYDBFedMoGGpEw/LqOeaOT+nhxU+yHo=
